// !$*UTF8*$!
{
	archiveVersion = 1;
	classes = {
	};
	objectVersion = 50;
	objects = {

/* Begin PBXBuildFile section */
		6425C59E26725E0A006F9CB0 /* MemomrizeApp.swift in Sources */ = {isa = PBXBuildFile; fileRef = 6425C59D26725E0A006F9CB0 /* MemomrizeApp.swift */; };
		6425C5A026725E0A006F9CB0 /* ContentView.swift in Sources */ = {isa = PBXBuildFile; fileRef = 6425C59F26725E0A006F9CB0 /* ContentView.swift */; };
		6425C5A226725E0D006F9CB0 /* Assets.xcassets in Resources */ = {isa = PBXBuildFile; fileRef = 6425C5A126725E0D006F9CB0 /* Assets.xcassets */; };
		6425C5A526725E0D006F9CB0 /* Preview Assets.xcassets in Resources */ = {isa = PBXBuildFile; fileRef = 6425C5A426725E0D006F9CB0 /* Preview Assets.xcassets */; };
		64F67251268E219C007A01A3 /* MemoryGame.swift in Sources */ = {isa = PBXBuildFile; fileRef = 64F67250268E219C007A01A3 /* MemoryGame.swift */; };
		64F67253268E2D59007A01A3 /* EmojiMemoryGame.swift in Sources */ = {isa = PBXBuildFile; fileRef = 64F67252268E2D59007A01A3 /* EmojiMemoryGame.swift */; };
/* End PBXBuildFile section */

/* Begin PBXFileReference section */
		6425C59A26725E0A006F9CB0 /* Memomrize.app */ = {isa = PBXFileReference; explicitFileType = wrapper.application; includeInIndex = 0; path = Memomrize.app; sourceTree = BUILT_PRODUCTS_DIR; };
		6425C59D26725E0A006F9CB0 /* MemomrizeApp.swift */ = {isa = PBXFileReference; lastKnownFileType = sourcecode.swift; path = MemomrizeApp.swift; sourceTree = "<group>"; };
		6425C59F26725E0A006F9CB0 /* ContentView.swift */ = {isa = PBXFileReference; lastKnownFileType = sourcecode.swift; path = ContentView.swift; sourceTree = "<group>"; };
		6425C5A126725E0D006F9CB0 /* Assets.xcassets */ = {isa = PBXFileReference; lastKnownFileType = folder.assetcatalog; path = Assets.xcassets; sourceTree = "<group>"; };
		6425C5A426725E0D006F9CB0 /* Preview Assets.xcassets */ = {isa = PBXFileReference; lastKnownFileType = folder.assetcatalog; path = "Preview Assets.xcassets"; sourceTree = "<group>"; };
		6425C5A626725E0D006F9CB0 /* Info.plist */ = {isa = PBXFileReference; lastKnownFileType = text.plist.xml; path = Info.plist; sourceTree = "<group>"; };
		64F67250268E219C007A01A3 /* MemoryGame.swift */ = {isa = PBXFileReference; lastKnownFileType = sourcecode.swift; path = MemoryGame.swift; sourceTree = "<group>"; };
		64F67252268E2D59007A01A3 /* EmojiMemoryGame.swift */ = {isa = PBXFileReference; lastKnownFileType = sourcecode.swift; path = EmojiMemoryGame.swift; sourceTree = "<group>"; };
/* End PBXFileReference section */

/* Begin PBXFrameworksBuildPhase section */
		6425C59726725E0A006F9CB0 /* Frameworks */ = {
			isa = PBXFrameworksBuildPhase;
			buildActionMask = 2147483647;
			files = (
			);
			runOnlyForDeploymentPostprocessing = 0;
		};
/* End PBXFrameworksBuildPhase section */

/* Begin PBXGroup section */
		6425C59126725E0A006F9CB0 = {
			isa = PBXGroup;
			children = (
				6425C59C26725E0A006F9CB0 /* Memomrize */,
				6425C59B26725E0A006F9CB0 /* Products */,
			);
			sourceTree = "<group>";
		};
		6425C59B26725E0A006F9CB0 /* Products */ = {
			isa = PBXGroup;
			children = (
				6425C59A26725E0A006F9CB0 /* Memomrize.app */,
			);
			name = Products;
			sourceTree = "<group>";
		};
		6425C59C26725E0A006F9CB0 /* Memomrize */ = {
			isa = PBXGroup;
			children = (
				6425C59D26725E0A006F9CB0 /* MemomrizeApp.swift */,
				6425C59F26725E0A006F9CB0 /* ContentView.swift */,
				64F67250268E219C007A01A3 /* MemoryGame.swift */,
				64F67252268E2D59007A01A3 /* EmojiMemoryGame.swift */,
				6425C5A126725E0D006F9CB0 /* Assets.xcassets */,
				6425C5A626725E0D006F9CB0 /* Info.plist */,
				6425C5A326725E0D006F9CB0 /* Preview Content */,
			);
			path = Memomrize;
			sourceTree = "<group>";
		};
		6425C5A326725E0D006F9CB0 /* Preview Content */ = {
			isa = PBXGroup;
			children = (
				6425C5A426725E0D006F9CB0 /* Preview Assets.xcassets */,
			);
			path = "Preview Content";
			sourceTree = "<group>";
		};
/* End PBXGroup section */

/* Begin PBXNativeTarget section */
		6425C59926725E0A006F9CB0 /* Memomrize */ = {
			isa = PBXNativeTarget;
			buildConfigurationList = 6425C5A926725E0D006F9CB0 /* Build configuration list for PBXNativeTarget "Memomrize" */;
			buildPhases = (
				6425C59626725E0A006F9CB0 /* Sources */,
				6425C59726725E0A006F9CB0 /* Frameworks */,
				6425C59826725E0A006F9CB0 /* Resources */,
			);
			buildRules = (
			);
			dependencies = (
			);
			name = Memomrize;
			productName = Memomrize;
			productReference = 6425C59A26725E0A006F9CB0 /* Memomrize.app */;
			productType = "com.apple.product-type.application";
		};
/* End PBXNativeTarget section */

/* Begin PBXProject section */
		6425C59226725E0A006F9CB0 /* Project object */ = {
			isa = PBXProject;
			attributes = {
				LastSwiftUpdateCheck = 1250;
				LastUpgradeCheck = 1250;
				TargetAttributes = {
					6425C59926725E0A006F9CB0 = {
						CreatedOnToolsVersion = 12.5;
					};
				};
			};
			buildConfigurationList = 6425C59526725E0A006F9CB0 /* Build configuration list for PBXProject "Memomrize" */;
			compatibilityVersion = "Xcode 9.3";
			developmentRegion = en;
			hasScannedForEncodings = 0;
			knownRegions = (
				en,
				Base,
			);
			mainGroup = 6425C59126725E0A006F9CB0;
			productRefGroup = 6425C59B26725E0A006F9CB0 /* Products */;
			projectDirPath = "";
			projectRoot = "";
			targets = (
				6425C59926725E0A006F9CB0 /* Memomrize */,
			);
		};
/* End PBXProject section */

/* Begin PBXResourcesBuildPhase section */
		6425C59826725E0A006F9CB0 /* Resources */ = {
			isa = PBXResourcesBuildPhase;
			buildActionMask = 2147483647;
			files = (
				6425C5A526725E0D006F9CB0 /* Preview Assets.xcassets in Resources */,
				6425C5A226725E0D006F9CB0 /* Assets.xcassets in Resources */,
			);
			runOnlyForDeploymentPostprocessing = 0;
		};
/* End PBXResourcesBuildPhase section */

/* Begin PBXSourcesBuildPhase section */
		6425C59626725E0A006F9CB0 /* Sources */ = {
			isa = PBXSourcesBuildPhase;
			buildActionMask = 2147483647;
			files = (
				64F67251268E219C007A01A3 /* MemoryGame.swift in Sources */,
				6425C5A026725E0A006F9CB0 /* ContentView.swift in Sources */,
				6425C59E26725E0A006F9CB0 /* MemomrizeApp.swift in Sources */,
				64F67253268E2D59007A01A3 /* EmojiMemoryGame.swift in Sources */,
			);
			runOnlyForDeploymentPostprocessing = 0;
		};
/* End PBXSourcesBuildPhase section */

/* Begin XCBuildConfiguration section */
		6425C5A726725E0D006F9CB0 /* Debug */ = {
			isa = XCBuildConfiguration;
			buildSettings = {
				ALWAYS_SEARCH_USER_PATHS = NO;
				CLANG_ANALYZER_NONNULL = YES;
				CLANG_ANALYZER_NUMBER_OBJECT_CONVERSION = YES_AGGRESSIVE;
				CLANG_CXX_LANGUAGE_STANDARD = "gnu++14";
				CLANG_CXX_LIBRARY = "libc++";
				CLANG_ENABLE_MODULES = YES;
				CLANG_ENABLE_OBJC_ARC = YES;
				CLANG_ENABLE_OBJC_WEAK = YES;
				CLANG_WARN_BLOCK_CAPTURE_AUTORELEASING = YES;
				CLANG_WARN_BOOL_CONVERSION = YES;
				CLANG_WARN_COMMA = YES;
				CLANG_WARN_CONSTANT_CONVERSION = YES;
				CLANG_WARN_DEPRECATED_OBJC_IMPLEMENTATIONS = YES;
				CLANG_WARN_DIRECT_OBJC_ISA_USAGE = YES_ERROR;
				CLANG_WARN_DOCUMENTATION_COMMENTS = YES;
				CLANG_WARN_EMPTY_BODY = YES;
				CLANG_WARN_ENUM_CONVERSION = YES;
				CLANG_WARN_INFINITE_RECURSION = YES;
				CLANG_WARN_INT_CONVERSION = YES;
				CLANG_WARN_NON_LITERAL_NULL_CONVERSION = YES;
				CLANG_WARN_OBJC_IMPLICIT_RETAIN_SELF = YES;
				CLANG_WARN_OBJC_LITERAL_CONVERSION = YES;
				CLANG_WARN_OBJC_ROOT_CLASS = YES_ERROR;
				CLANG_WARN_QUOTED_INCLUDE_IN_FRAMEWORK_HEADER = YES;
				CLANG_WARN_RANGE_LOOP_ANALYSIS = YES;
				CLANG_WARN_STRICT_PROTOTYPES = YES;
				CLANG_WARN_SUSPICIOUS_MOVE = YES;
				CLANG_WARN_UNGUARDED_AVAILABILITY = YES_AGGRESSIVE;
				CLANG_WARN_UNREACHABLE_CODE = YES;
				CLANG_WARN__DUPLICATE_METHOD_MATCH = YES;
				COPY_PHASE_STRIP = NO;
				DEBUG_INFORMATION_FORMAT = dwarf;
				ENABLE_STRICT_OBJC_MSGSEND = YES;
				ENABLE_TESTABILITY = YES;
				GCC_C_LANGUAGE_STANDARD = gnu11;
				GCC_DYNAMIC_NO_PIC = NO;
				GCC_NO_COMMON_BLOCKS = YES;
				GCC_OPTIMIZATION_LEVEL = 0;
				GCC_PREPROCESSOR_DEFINITIONS = (
					"DEBUG=1",
					"$(inherited)",
				);
				GCC_WARN_64_TO_32_BIT_CONVERSION = YES;
				GCC_WARN_ABOUT_RETURN_TYPE = YES_ERROR;
				GCC_WARN_UNDECLARED_SELECTOR = YES;
				GCC_WARN_UNINITIALIZED_AUTOS = YES_AGGRESSIVE;
				GCC_WARN_UNUSED_FUNCTION = YES;
				GCC_WARN_UNUSED_VARIABLE = YES;
				IPHONEOS_DEPLOYMENT_TARGET = 14.5;
				MTL_ENABLE_DEBUG_INFO = INCLUDE_SOURCE;
				MTL_FAST_MATH = YES;
				ONLY_ACTIVE_ARCH = YES;
				SDKROOT = iphoneos;
				SWIFT_ACTIVE_COMPILATION_CONDITIONS = DEBUG;
				SWIFT_OPTIMIZATION_LEVEL = "-Onone";
			};
			name = Debug;
		};
		6425C5A826725E0D006F9CB0 /* Release */ = {
			isa = XCBuildConfiguration;
			buildSettings = {
				ALWAYS_SEARCH_USER_PATHS = NO;
				CLANG_ANALYZER_NONNULL = YES;
				CLANG_ANALYZER_NUMBER_OBJECT_CONVERSION = YES_AGGRESSIVE;
				CLANG_CXX_LANGUAGE_STANDARD = "gnu++14";
				CLANG_CXX_LIBRARY = "libc++";
				CLANG_ENABLE_MODULES = YES;
				CLANG_ENABLE_OBJC_ARC = YES;
				CLANG_ENABLE_OBJC_WEAK = YES;
				CLANG_WARN_BLOCK_CAPTURE_AUTORELEASING = YES;
				CLANG_WARN_BOOL_CONVERSION = YES;
				CLANG_WARN_COMMA = YES;
				CLANG_WARN_CONSTANT_CONVERSION = YES;
				CLANG_WARN_DEPRECATED_OBJC_IMPLEMENTATIONS = YES;
				CLANG_WARN_DIRECT_OBJC_ISA_USAGE = YES_ERROR;
				CLANG_WARN_DOCUMENTATION_COMMENTS = YES;
				CLANG_WARN_EMPTY_BODY = YES;
				CLANG_WARN_ENUM_CONVERSION = YES;
				CLANG_WARN_INFINITE_RECURSION = YES;
				CLANG_WARN_INT_CONVERSION = YES;
				CLANG_WARN_NON_LITERAL_NULL_CONVERSION = YES;
				CLANG_WARN_OBJC_IMPLICIT_RETAIN_SELF = YES;
				CLANG_WARN_OBJC_LITERAL_CONVERSION = YES;
				CLANG_WARN_OBJC_ROOT_CLASS = YES_ERROR;
				CLANG_WARN_QUOTED_INCLUDE_IN_FRAMEWORK_HEADER = YES;
				CLANG_WARN_RANGE_LOOP_ANALYSIS = YES;
				CLANG_WARN_STRICT_PROTOTYPES = YES;
				CLANG_WARN_SUSPICIOUS_MOVE = YES;
				CLANG_WARN_UNGUARDED_AVAILABILITY = YES_AGGRESSIVE;
				CLANG_WARN_UNREACHABLE_CODE = YES;
				CLANG_WARN__DUPLICATE_METHOD_MATCH = YES;
				COPY_PHASE_STRIP = NO;
				DEBUG_INFORMATION_FORMAT = "dwarf-with-dsym";
				ENABLE_NS_ASSERTIONS = NO;
				ENABLE_STRICT_OBJC_MSGSEND = YES;
				GCC_C_LANGUAGE_STANDARD = gnu11;
				GCC_NO_COMMON_BLOCKS = YES;
				GCC_WARN_64_TO_32_BIT_CONVERSION = YES;
				GCC_WARN_ABOUT_RETURN_TYPE = YES_ERROR;
				GCC_WARN_UNDECLARED_SELECTOR = YES;
				GCC_WARN_UNINITIALIZED_AUTOS = YES_AGGRESSIVE;
				GCC_WARN_UNUSED_FUNCTION = YES;
				GCC_WARN_UNUSED_VARIABLE = YES;
				IPHONEOS_DEPLOYMENT_TARGET = 14.5;
				MTL_ENABLE_DEBUG_INFO = NO;
				MTL_FAST_MATH = YES;
				SDKROOT = iphoneos;
				SWIFT_COMPILATION_MODE = wholemodule;
				SWIFT_OPTIMIZATION_LEVEL = "-O";
				VALIDATE_PRODUCT = YES;
			};
			name = Release;
		};
		6425C5AA26725E0D006F9CB0 /* Debug */ = {
			isa = XCBuildConfiguration;
			buildSettings = {
				ASSETCATALOG_COMPILER_APPICON_NAME = AppIcon;
				ASSETCATALOG_COMPILER_GLOBAL_ACCENT_COLOR_NAME = AccentColor;
				CODE_SIGN_STYLE = Automatic;
				DEVELOPMENT_ASSET_PATHS = "\"Memomrize/Preview Content\"";
				DEVELOPMENT_TEAM = YHUR86J8TG;
				ENABLE_PREVIEWS = YES;
				INFOPLIST_FILE = Memomrize/Info.plist;
				IPHONEOS_DEPLOYMENT_TARGET = 14.0;
				LD_RUNPATH_SEARCH_PATHS = (
					"$(inherited)",
					"@executable_path/Frameworks",
				);
				PRODUCT_BUNDLE_IDENTIFIER = edu.iiitd.2020150.Memomrize;
				PRODUCT_NAME = "$(TARGET_NAME)";
				SWIFT_VERSION = 5.0;
				TARGETED_DEVICE_FAMILY = "1,2";
			};
			name = Debug;
		};
		6425C5AB26725E0D006F9CB0 /* Release */ = {
			isa = XCBuildConfiguration;
			buildSettings = {
				ASSETCATALOG_COMPILER_APPICON_NAME = AppIcon;
				ASSETCATALOG_COMPILER_GLOBAL_ACCENT_COLOR_NAME = AccentColor;
				CODE_SIGN_STYLE = Automatic;
				DEVELOPMENT_ASSET_PATHS = "\"Memomrize/Preview Content\"";
				DEVELOPMENT_TEAM = YHUR86J8TG;
				ENABLE_PREVIEWS = YES;
				INFOPLIST_FILE = Memomrize/Info.plist;
				IPHONEOS_DEPLOYMENT_TARGET = 14.0;
				LD_RUNPATH_SEARCH_PATHS = (
					"$(inherited)",
					"@executable_path/Frameworks",
				);
				PRODUCT_BUNDLE_IDENTIFIER = edu.iiitd.2020150.Memomrize;
				PRODUCT_NAME = "$(TARGET_NAME)";
				SWIFT_VERSION = 5.0;
				TARGETED_DEVICE_FAMILY = "1,2";
			};
			name = Release;
		};
/* End XCBuildConfiguration section */

/* Begin XCConfigurationList section */
		6425C59526725E0A006F9CB0 /* Build configuration list for PBXProject "Memomrize" */ = {
			isa = XCConfigurationList;
			buildConfigurations = (
				6425C5A726725E0D006F9CB0 /* Debug */,
				6425C5A826725E0D006F9CB0 /* Release */,
			);
			defaultConfigurationIsVisible = 0;
			defaultConfigurationName = Release;
		};
		6425C5A926725E0D006F9CB0 /* Build configuration list for PBXNativeTarget "Memomrize" */ = {
			isa = XCConfigurationList;
			buildConfigurations = (
				6425C5AA26725E0D006F9CB0 /* Debug */,
				6425C5AB26725E0D006F9CB0 /* Release */,
			);
			defaultConfigurationIsVisible = 0;
			defaultConfigurationName = Release;
		};
/* End XCConfigurationList section */
	};
	rootObject = 6425C59226725E0A006F9CB0 /* Project object */;
}
